// !$*UTF8*$!
{
	archiveVersion = 1;
	classes = {
	};
	objectVersion = 46;
	objects = {

/* Begin PBXBuildFile section */
		2472FCC41CAD47BD002DF795 /* main.m in Sources */ = {isa = PBXBuildFile; fileRef = 2472FCC31CAD47BD002DF795 /* main.m */; };
		2472FCC71CAD47BD002DF795 /* AppDelegate.m in Sources */ = {isa = PBXBuildFile; fileRef = 2472FCC61CAD47BD002DF795 /* AppDelegate.m */; };
		2472FCCA1CAD47BD002DF795 /* ViewController.m in Sources */ = {isa = PBXBuildFile; fileRef = 2472FCC91CAD47BD002DF795 /* ViewController.m */; };
		2472FCCD1CAD47BD002DF795 /* Main.storyboard in Resources */ = {isa = PBXBuildFile; fileRef = 2472FCCB1CAD47BD002DF795 /* Main.storyboard */; };
		2472FCCF1CAD47BD002DF795 /* Assets.xcassets in Resources */ = {isa = PBXBuildFile; fileRef = 2472FCCE1CAD47BD002DF795 /* Assets.xcassets */; };
		2472FCD21CAD47BD002DF795 /* LaunchScreen.storyboard in Resources */ = {isa = PBXBuildFile; fileRef = 2472FCD01CAD47BD002DF795 /* LaunchScreen.storyboard */; };
		2472FCDF1CAD4A68002DF795 /* centerIcon@2x.png in Resources */ = {isa = PBXBuildFile; fileRef = 2472FCDA1CAD4A68002DF795 /* centerIcon@2x.png */; };
		2472FCE01CAD4A68002DF795 /* UIScrollView+UzysCircularProgressPullToRefresh.m in Sources */ = {isa = PBXBuildFile; fileRef = 2472FCDC1CAD4A68002DF795 /* UIScrollView+UzysCircularProgressPullToRefresh.m */; };
		2472FCE11CAD4A68002DF795 /* UzysRadialProgressActivityIndicator.m in Sources */ = {isa = PBXBuildFile; fileRef = 2472FCDE1CAD4A68002DF795 /* UzysRadialProgressActivityIndicator.m */; };
		2472FCEB1CAD5364002DF795 /* f-twitter@2x.png in Resources */ = {isa = PBXBuildFile; fileRef = 2472FCEA1CAD5364002DF795 /* f-twitter@2x.png */; };
		2472FCED1CAD53E3002DF795 /* thunderbird@2x.png in Resources */ = {isa = PBXBuildFile; fileRef = 2472FCEC1CAD53E3002DF795 /* thunderbird@2x.png */; };
/* End PBXBuildFile section */

/* Begin PBXFileReference section */
		2472FCBF1CAD47BD002DF795 /* refreshRotationImage.app */ = {isa = PBXFileReference; explicitFileType = wrapper.application; includeInIndex = 0; path = refreshRotationImage.app; sourceTree = BUILT_PRODUCTS_DIR; };
		2472FCC31CAD47BD002DF795 /* main.m */ = {isa = PBXFileReference; lastKnownFileType = sourcecode.c.objc; path = main.m; sourceTree = "<group>"; };
		2472FCC51CAD47BD002DF795 /* AppDelegate.h */ = {isa = PBXFileReference; lastKnownFileType = sourcecode.c.h; path = AppDelegate.h; sourceTree = "<group>"; };
		2472FCC61CAD47BD002DF795 /* AppDelegate.m */ = {isa = PBXFileReference; lastKnownFileType = sourcecode.c.objc; path = AppDelegate.m; sourceTree = "<group>"; };
		2472FCC81CAD47BD002DF795 /* ViewController.h */ = {isa = PBXFileReference; lastKnownFileType = sourcecode.c.h; path = ViewController.h; sourceTree = "<group>"; };
		2472FCC91CAD47BD002DF795 /* ViewController.m */ = {isa = PBXFileReference; lastKnownFileType = sourcecode.c.objc; path = ViewController.m; sourceTree = "<group>"; };
		2472FCCC1CAD47BD002DF795 /* Base */ = {isa = PBXFileReference; lastKnownFileType = file.storyboard; name = Base; path = Base.lproj/Main.storyboard; sourceTree = "<group>"; };
		2472FCCE1CAD47BD002DF795 /* Assets.xcassets */ = {isa = PBXFileReference; lastKnownFileType = folder.assetcatalog; path = Assets.xcassets; sourceTree = "<group>"; };
		2472FCD11CAD47BD002DF795 /* Base */ = {isa = PBXFileReference; lastKnownFileType = file.storyboard; name = Base; path = Base.lproj/LaunchScreen.storyboard; sourceTree = "<group>"; };
		2472FCD31CAD47BD002DF795 /* Info.plist */ = {isa = PBXFileReference; lastKnownFileType = text.plist.xml; path = Info.plist; sourceTree = "<group>"; };
		2472FCDA1CAD4A68002DF795 /* centerIcon@2x.png */ = {isa = PBXFileReference; lastKnownFileType = image.png; path = "centerIcon@2x.png"; sourceTree = "<group>"; };
		2472FCDB1CAD4A68002DF795 /* UIScrollView+UzysCircularProgressPullToRefresh.h */ = {isa = PBXFileReference; fileEncoding = 4; lastKnownFileType = sourcecode.c.h; path = "UIScrollView+UzysCircularProgressPullToRefresh.h"; sourceTree = "<group>"; };
		2472FCDC1CAD4A68002DF795 /* UIScrollView+UzysCircularProgressPullToRefresh.m */ = {isa = PBXFileReference; fileEncoding = 4; lastKnownFileType = sourcecode.c.objc; path = "UIScrollView+UzysCircularProgressPullToRefresh.m"; sourceTree = "<group>"; };
		2472FCDD1CAD4A68002DF795 /* UzysRadialProgressActivityIndicator.h */ = {isa = PBXFileReference; fileEncoding = 4; lastKnownFileType = sourcecode.c.h; path = UzysRadialProgressActivityIndicator.h; sourceTree = "<group>"; };
		2472FCDE1CAD4A68002DF795 /* UzysRadialProgressActivityIndicator.m */ = {isa = PBXFileReference; fileEncoding = 4; lastKnownFileType = sourcecode.c.objc; path = UzysRadialProgressActivityIndicator.m; sourceTree = "<group>"; };
		2472FCEA1CAD5364002DF795 /* f-twitter@2x.png */ = {isa = PBXFileReference; lastKnownFileType = image.png; path = "f-twitter@2x.png"; sourceTree = "<group>"; };
		2472FCEC1CAD53E3002DF795 /* thunderbird@2x.png */ = {isa = PBXFileReference; lastKnownFileType = image.png; path = "thunderbird@2x.png"; sourceTree = "<group>"; };
/* End PBXFileReference section */

/* Begin PBXFrameworksBuildPhase section */
		2472FCBC1CAD47BD002DF795 /* Frameworks */ = {
			isa = PBXFrameworksBuildPhase;
			buildActionMask = 2147483647;
			files = (
			);
			runOnlyForDeploymentPostprocessing = 0;
		};
/* End PBXFrameworksBuildPhase section */

/* Begin PBXGroup section */
		2472FCB61CAD47BD002DF795 = {
			isa = PBXGroup;
			children = (
				2472FCC11CAD47BD002DF795 /* refreshRotationImage */,
				2472FCC01CAD47BD002DF795 /* Products */,
			);
			sourceTree = "<group>";
		};
		2472FCC01CAD47BD002DF795 /* Products */ = {
			isa = PBXGroup;
			children = (
				2472FCBF1CAD47BD002DF795 /* refreshRotationImage.app */,
			);
			name = Products;
			sourceTree = "<group>";
		};
		2472FCC11CAD47BD002DF795 /* refreshRotationImage */ = {
			isa = PBXGroup;
			children = (
				2472FCEC1CAD53E3002DF795 /* thunderbird@2x.png */,
				2472FCEA1CAD5364002DF795 /* f-twitter@2x.png */,
				2472FCD91CAD4A68002DF795 /* Library */,
				2472FCC51CAD47BD002DF795 /* AppDelegate.h */,
				2472FCC61CAD47BD002DF795 /* AppDelegate.m */,
				2472FCC81CAD47BD002DF795 /* ViewController.h */,
				2472FCC91CAD47BD002DF795 /* ViewController.m */,
				2472FCCB1CAD47BD002DF795 /* Main.storyboard */,
				2472FCCE1CAD47BD002DF795 /* Assets.xcassets */,
				2472FCD01CAD47BD002DF795 /* LaunchScreen.storyboard */,
				2472FCD31CAD47BD002DF795 /* Info.plist */,
				2472FCC21CAD47BD002DF795 /* Supporting Files */,
			);
			path = refreshRotationImage;
			sourceTree = "<group>";
		};
		2472FCC21CAD47BD002DF795 /* Supporting Files */ = {
			isa = PBXGroup;
			children = (
				2472FCC31CAD47BD002DF795 /* main.m */,
			);
			name = "Supporting Files";
			sourceTree = "<group>";
		};
		2472FCD91CAD4A68002DF795 /* Library */ = {
			isa = PBXGroup;
			children = (
				2472FCDA1CAD4A68002DF795 /* centerIcon@2x.png */,
				2472FCDB1CAD4A68002DF795 /* UIScrollView+UzysCircularProgressPullToRefresh.h */,
				2472FCDC1CAD4A68002DF795 /* UIScrollView+UzysCircularProgressPullToRefresh.m */,
				2472FCDD1CAD4A68002DF795 /* UzysRadialProgressActivityIndicator.h */,
				2472FCDE1CAD4A68002DF795 /* UzysRadialProgressActivityIndicator.m */,
			);
			path = Library;
			sourceTree = "<group>";
		};
/* End PBXGroup section */

/* Begin PBXNativeTarget section */
		2472FCBE1CAD47BD002DF795 /* refreshRotationImage */ = {
			isa = PBXNativeTarget;
			buildConfigurationList = 2472FCD61CAD47BD002DF795 /* Build configuration list for PBXNativeTarget "refreshRotationImage" */;
			buildPhases = (
				2472FCBB1CAD47BD002DF795 /* Sources */,
				2472FCBC1CAD47BD002DF795 /* Frameworks */,
				2472FCBD1CAD47BD002DF795 /* Resources */,
			);
			buildRules = (
			);
			dependencies = (
			);
			name = refreshRotationImage;
			productName = refreshRotationImage;
			productReference = 2472FCBF1CAD47BD002DF795 /* refreshRotationImage.app */;
			productType = "com.apple.product-type.application";
		};
/* End PBXNativeTarget section */

/* Begin PBXProject section */
		2472FCB71CAD47BD002DF795 /* Project object */ = {
			isa = PBXProject;
			attributes = {
				LastUpgradeCheck = 0730;
				ORGANIZATIONNAME = shunzhitang;
				TargetAttributes = {
					2472FCBE1CAD47BD002DF795 = {
						CreatedOnToolsVersion = 7.3;
					};
				};
			};
			buildConfigurationList = 2472FCBA1CAD47BD002DF795 /* Build configuration list for PBXProject "refreshRotationImage" */;
			compatibilityVersion = "Xcode 3.2";
			developmentRegion = English;
			hasScannedForEncodings = 0;
			knownRegions = (
				en,
				Base,
			);
			mainGroup = 2472FCB61CAD47BD002DF795;
			productRefGroup = 2472FCC01CAD47BD002DF795 /* Products */;
			projectDirPath = "";
			projectRoot = "";
			targets = (
				2472FCBE1CAD47BD002DF795 /* refreshRotationImage */,
			);
		};
/* End PBXProject section */

/* Begin PBXResourcesBuildPhase section */
		2472FCBD1CAD47BD002DF795 /* Resources */ = {
			isa = PBXResourcesBuildPhase;
			buildActionMask = 2147483647;
			files = (
				2472FCEB1CAD5364002DF795 /* f-twitter@2x.png in Resources */,
				2472FCDF1CAD4A68002DF795 /* centerIcon@2x.png in Resources */,
				2472FCED1CAD53E3002DF795 /* thunderbird@2x.png in Resources */,
				2472FCD21CAD47BD002DF795 /* LaunchScreen.storyboard in Resources */,
				2472FCCF1CAD47BD002DF795 /* Assets.xcassets in Resources */,
				2472FCCD1CAD47BD002DF795 /* Main.storyboard in Resources */,
			);
			runOnlyForDeploymentPostprocessing = 0;
		};
/* End PBXResourcesBuildPhase section */

/* Begin PBXSourcesBuildPhase section */
		2472FCBB1CAD47BD002DF795 /* Sources */ = {
			isa = PBXSourcesBuildPhase;
			buildActionMask = 2147483647;
			files = (
				2472FCE11CAD4A68002DF795 /* UzysRadialProgressActivityIndicator.m in Sources */,
				2472FCCA1CAD47BD002DF795 /* ViewController.m in Sources */,
				2472FCC71CAD47BD002DF795 /* AppDelegate.m in Sources */,
				2472FCE01CAD4A68002DF795 /* UIScrollView+UzysCircularProgressPullToRefresh.m in Sources */,
				2472FCC41CAD47BD002DF795 /* main.m in Sources */,
			);
			runOnlyForDeploymentPostprocessing = 0;
		};
/* End PBXSourcesBuildPhase section */

/* Begin PBXVariantGroup section */
		2472FCCB1CAD47BD002DF795 /* Main.storyboard */ = {
			isa = PBXVariantGroup;
			children = (
				2472FCCC1CAD47BD002DF795 /* Base */,
			);
			name = Main.storyboard;
			sourceTree = "<group>";
		};
		2472FCD01CAD47BD002DF795 /* LaunchScreen.storyboard */ = {
			isa = PBXVariantGroup;
			children = (
				2472FCD11CAD47BD002DF795 /* Base */,
			);
			name = LaunchScreen.storyboard;
			sourceTree = "<group>";
		};
/* End PBXVariantGroup section */

/* Begin XCBuildConfiguration section */
		2472FCD41CAD47BD002DF795 /* Debug */ = {
			isa = XCBuildConfiguration;
			buildSettings = {
				ALWAYS_SEARCH_USER_PATHS = NO;
				CLANG_ANALYZER_NONNULL = YES;
				CLANG_CXX_LANGUAGE_STANDARD = "gnu++0x";
				CLANG_CXX_LIBRARY = "libc++";
				CLANG_ENABLE_MODULES = YES;
				CLANG_ENABLE_OBJC_ARC = YES;
				CLANG_WARN_BOOL_CONVERSION = YES;
				CLANG_WARN_CONSTANT_CONVERSION = YES;
				CLANG_WARN_DIRECT_OBJC_ISA_USAGE = YES_ERROR;
				CLANG_WARN_EMPTY_BODY = YES;
				CLANG_WARN_ENUM_CONVERSION = YES;
				CLANG_WARN_INT_CONVERSION = YES;
				CLANG_WARN_OBJC_ROOT_CLASS = YES_ERROR;
				CLANG_WARN_UNREACHABLE_CODE = YES;
				CLANG_WARN__DUPLICATE_METHOD_MATCH = YES;
				"CODE_SIGN_IDENTITY[sdk=iphoneos*]" = "iPhone Developer";
				COPY_PHASE_STRIP = NO;
				DEBUG_INFORMATION_FORMAT = dwarf;
				ENABLE_STRICT_OBJC_MSGSEND = YES;
				ENABLE_TESTABILITY = YES;
				GCC_C_LANGUAGE_STANDARD = gnu99;
				GCC_DYNAMIC_NO_PIC = NO;
				GCC_NO_COMMON_BLOCKS = YES;
				GCC_OPTIMIZATION_LEVEL = 0;
				GCC_PREPROCESSOR_DEFINITIONS = (
					"DEBUG=1",
					"$(inherited)",
				);
				GCC_WARN_64_TO_32_BIT_CONVERSION = YES;
				GCC_WARN_ABOUT_RETURN_TYPE = YES_ERROR;
				GCC_WARN_UNDECLARED_SELECTOR = YES;
				GCC_WARN_UNINITIALIZED_AUTOS = YES_AGGRESSIVE;
				GCC_WARN_UNUSED_FUNCTION = YES;
				GCC_WARN_UNUSED_VARIABLE = YES;
				IPHONEOS_DEPLOYMENT_TARGET = 9.3;
				MTL_ENABLE_DEBUG_INFO = YES;
				ONLY_ACTIVE_ARCH = YES;
				SDKROOT = iphoneos;
				TARGETED_DEVICE_FAMILY = "1,2";
			};
			name = Debug;
		};
		2472FCD51CAD47BD002DF795 /* Release */ = {
			isa = XCBuildConfiguration;
			buildSettings = {
				ALWAYS_SEARCH_USER_PATHS = NO;
				CLANG_ANALYZER_NONNULL = YES;
				CLANG_CXX_LANGUAGE_STANDARD = "gnu++0x";
				CLANG_CXX_LIBRARY = "libc++";
				CLANG_ENABLE_MODULES = YES;
				CLANG_ENABLE_OBJC_ARC = YES;
				CLANG_WARN_BOOL_CONVERSION = YES;
				CLANG_WARN_CONSTANT_CONVERSION = YES;
				CLANG_WARN_DIRECT_OBJC_ISA_USAGE = YES_ERROR;
				CLANG_WARN_EMPTY_BODY = YES;
				CLANG_WARN_ENUM_CONVERSION = YES;
				CLANG_WARN_INT_CONVERSION = YES;
				CLANG_WARN_OBJC_ROOT_CLASS = YES_ERROR;
				CLANG_WARN_UNREACHABLE_CODE = YES;
				CLANG_WARN__DUPLICATE_METHOD_MATCH = YES;
				"CODE_SIGN_IDENTITY[sdk=iphoneos*]" = "iPhone Developer";
				COPY_PHASE_STRIP = NO;
				DEBUG_INFORMATION_FORMAT = "dwarf-with-dsym";
				ENABLE_NS_ASSERTIONS = NO;
				ENABLE_STRICT_OBJC_MSGSEND = YES;
				GCC_C_LANGUAGE_STANDARD = gnu99;
				GCC_NO_COMMON_BLOCKS = YES;
				GCC_WARN_64_TO_32_BIT_CONVERSION = YES;
				GCC_WARN_ABOUT_RETURN_TYPE = YES_ERROR;
				GCC_WARN_UNDECLARED_SELECTOR = YES;
				GCC_WARN_UNINITIALIZED_AUTOS = YES_AGGRESSIVE;
				GCC_WARN_UNUSED_FUNCTION = YES;
				GCC_WARN_UNUSED_VARIABLE = YES;
				IPHONEOS_DEPLOYMENT_TARGET = 9.3;
				MTL_ENABLE_DEBUG_INFO = NO;
				SDKROOT = iphoneos;
				TARGETED_DEVICE_FAMILY = "1,2";
				VALIDATE_PRODUCT = YES;
			};
			name = Release;
		};
		2472FCD71CAD47BD002DF795 /* Debug */ = {
			isa = XCBuildConfiguration;
			buildSettings = {
				ASSETCATALOG_COMPILER_APPICON_NAME = AppIcon;
				INFOPLIST_FILE = refreshRotationImage/Info.plist;
				LD_RUNPATH_SEARCH_PATHS = "$(inherited) @executable_path/Frameworks";
				PRODUCT_BUNDLE_IDENTIFIER = com.mobao.refreshRotationImage;
				PRODUCT_NAME = "$(TARGET_NAME)";
			};
			name = Debug;
		};
		2472FCD81CAD47BD002DF795 /* Release */ = {
			isa = XCBuildConfiguration;
			buildSettings = {
				ASSETCATALOG_COMPILER_APPICON_NAME = AppIcon;
				INFOPLIST_FILE = refreshRotationImage/Info.plist;
				LD_RUNPATH_SEARCH_PATHS = "$(inherited) @executable_path/Frameworks";
				PRODUCT_BUNDLE_IDENTIFIER = com.mobao.refreshRotationImage;
				PRODUCT_NAME = "$(TARGET_NAME)";
			};
			name = Release;
		};
/* End XCBuildConfiguration section */

/* Begin XCConfigurationList section */
		2472FCBA1CAD47BD002DF795 /* Build configuration list for PBXProject "refreshRotationImage" */ = {
			isa = XCConfigurationList;
			buildConfigurations = (
				2472FCD41CAD47BD002DF795 /* Debug */,
				2472FCD51CAD47BD002DF795 /* Release */,
			);
			defaultConfigurationIsVisible = 0;
			defaultConfigurationName = Release;
		};
		2472FCD61CAD47BD002DF795 /* Build configuration list for PBXNativeTarget "refreshRotationImage" */ = {
			isa = XCConfigurationList;
			buildConfigurations = (
				2472FCD71CAD47BD002DF795 /* Debug */,
				2472FCD81CAD47BD002DF795 /* Release */,
			);
			defaultConfigurationIsVisible = 0;
		};
/* End XCConfigurationList section */
	};
	rootObject = 2472FCB71CAD47BD002DF795 /* Project object */;
}
